// !$*UTF8*$!
{
	archiveVersion = 1;
	classes = {
	};
	objectVersion = 56;
	objects = {

/* Begin PBXBuildFile section */
		E37AA363A223E4EBAA70A09E /* MaterialColor.swift in Sources */ = {isa = PBXBuildFile; fileRef = 151982E0D61D129C634CC2BC /* MaterialColor.swift */; };
		69BBD3AE78AB49EA98DE110F /* MaterialTypography.swift in Sources */ = {isa = PBXBuildFile; fileRef = DADF6F20DBDE30C35753214A /* MaterialTypography.swift */; };
		03404AD426D11A626E7A858C /* MaterialComponents.swift in Sources */ = {isa = PBXBuildFile; fileRef = 2A3BA9ED6E03AA00A666CF32 /* MaterialComponents.swift */; };
		54D0D3DD09DF29DEA96EEFB7 /* MainTabView.swift in Sources */ = {isa = PBXBuildFile; fileRef = A2E15703747319DF448A40D0 /* MainTabView.swift */; };
		EEC729FCA44B8C96CCA524D0 /* DateParsing.swift in Sources */ = {isa = PBXBuildFile; fileRef = 42FA718FA47A5FCD79A92144 /* DateParsing.swift */; };
		D16CEA5DC99D6DB1334B123A /* RegisterView.swift in Sources */ = {isa = PBXBuildFile; fileRef = 788FBAF1B23A6C7FC43CB4E8 /* RegisterView.swift */; };
		F32E74BE0DFA164E1E001DEC /* RegisterViewModel.swift in Sources */ = {isa = PBXBuildFile; fileRef = E9582D06AC182D9EC9E2AC4B /* RegisterViewModel.swift */; };
		050D9F3EBF1C697E72A917B3 /* AssetsView.swift in Sources */ = {isa = PBXBuildFile; fileRef = A1425ACFF0C78125FA73274B /* AssetsView.swift */; };
		E73574DCCE549B857571DB1B /* AssetsViewModel.swift in Sources */ = {isa = PBXBuildFile; fileRef = BCDB8E18123C2A6B217F0FA1 /* AssetsViewModel.swift */; };
		5B2851EC5C1607BF36F98F5C /* AssetDetailView.swift in Sources */ = {isa = PBXBuildFile; fileRef = 4FC389F31AB0AC6865476748 /* AssetDetailView.swift */; };
		FC2AB08E442445CD1920F847 /* AssetDetailViewModel.swift in Sources */ = {isa = PBXBuildFile; fileRef = F9D3634CE6F45A0BB6D6D6D9 /* AssetDetailViewModel.swift */; };
		86177119737993049E073EBD /* AccountView.swift in Sources */ = {isa = PBXBuildFile; fileRef = 1500F974383083E759BBFB1D /* AccountView.swift */; };
		411A21C830AD2A59C849156E /* AccountViewModel.swift in Sources */ = {isa = PBXBuildFile; fileRef = A4F90917EEC7E4D0663D1377 /* AccountViewModel.swift */; };
		7142F9F813E777DEA5E4854A /* AdminView.swift in Sources */ = {isa = PBXBuildFile; fileRef = A1AFBFA9E09263C25402AD94 /* AdminView.swift */; };
		F53F31E97B4EB2A3C156EC7E /* AdminViewModel.swift in Sources */ = {isa = PBXBuildFile; fileRef = 05681D8AF2BBB9376C5CBD4A /* AdminViewModel.swift */; };
		47DBB172C2A7C3D7231A25DB /* AdminLogDetailView.swift in Sources */ = {isa = PBXBuildFile; fileRef = 5B6757800E05B33A63A29F36 /* AdminLogDetailView.swift */; };
		3AB8B0F9A18258C5997E23FE /* PortfolioHistoryView.swift in Sources */ = {isa = PBXBuildFile; fileRef = 6AE88E014788AAAB31E6B775 /* PortfolioHistoryView.swift */; };
		2EE873E50446FC2E8B57816D /* PortfolioHistoryViewModel.swift in Sources */ = {isa = PBXBuildFile; fileRef = 4761FFE463D421190549BE66 /* PortfolioHistoryViewModel.swift */; };
		0BCAC08022E766FA6BA91525 /* Assets.xcassets in Resources */ = {isa = PBXBuildFile; fileRef = AC78579DC71BB1E383705983 /* Assets.xcassets */; };
		0E7EE43C4043EE8C42CA4E25 /* PortfolioViewModel.swift in Sources */ = {isa = PBXBuildFile; fileRef = 10C28FB0967B8434FA49E147 /* PortfolioViewModel.swift */; };
		270E32ECF4E621CCA707BB87 /* ConnectionSettingsView.swift in Sources */ = {isa = PBXBuildFile; fileRef = 0F7437BECF53A20FB3613271 /* ConnectionSettingsView.swift */; };
		38442105AC7D5A5B8F958088 /* SessionStore.swift in Sources */ = {isa = PBXBuildFile; fileRef = CB89E2F58BECA8D7525E036B /* SessionStore.swift */; };
		4588E93A50FA9CEABC7AFCC2 /* AppSettings.swift in Sources */ = {isa = PBXBuildFile; fileRef = 2EA50CF7348D65D7CBE11145 /* AppSettings.swift */; };
		559331A2AA2BC6C14CA70D68 /* RootView.swift in Sources */ = {isa = PBXBuildFile; fileRef = BA10A124FFA3E002D0E4099A /* RootView.swift */; };
		6536473CE8500302C12FBDFB /* AnyEncodable.swift in Sources */ = {isa = PBXBuildFile; fileRef = 204EA538ED60D1B242CB4CE7 /* AnyEncodable.swift */; };
		7934168DCCC601F470C222CF /* PortfolioView.swift in Sources */ = {isa = PBXBuildFile; fileRef = AF77C301C728F17004DF0D59 /* PortfolioView.swift */; };
		8D24419AB48519E349E09928 /* LoginViewModel.swift in Sources */ = {isa = PBXBuildFile; fileRef = 5A5C10396C185E20A4CCC327 /* LoginViewModel.swift */; };
		A171F0494FF99FA0EB97BA79 /* APIError.swift in Sources */ = {isa = PBXBuildFile; fileRef = 4F202A67F7CB13984B969529 /* APIError.swift */; };
		AC2DE1DCB96CAF3736B86DA6 /* TokenStorage.swift in Sources */ = {isa = PBXBuildFile; fileRef = A71F4DD99A762F9931765B22 /* TokenStorage.swift */; };
		BE6F232DAD065BA1DD9F2315 /* PortfolioTrackerApp.swift in Sources */ = {isa = PBXBuildFile; fileRef = 7B63998F80565F6EDA02EB75 /* PortfolioTrackerApp.swift */; };
		BF45CA2249656A198B5037D7 /* APIClient.swift in Sources */ = {isa = PBXBuildFile; fileRef = A14A504D4261C75083E96DA5 /* APIClient.swift */; };
		C46F434B569DEE689A3867FA /* LoginView.swift in Sources */ = {isa = PBXBuildFile; fileRef = 1909BD2DF3D3EC0F83F00533 /* LoginView.swift */; };
		E69C77EC074CEB804B7756BB /* APIModels.swift in Sources */ = {isa = PBXBuildFile; fileRef = 0531F7AA8B02E08342C033CE /* APIModels.swift */; };
/* End PBXBuildFile section */

/* Begin PBXFileReference section */
		151982E0D61D129C634CC2BC /* MaterialColor.swift */ = {isa = PBXFileReference; lastKnownFileType = sourcecode.swift; path = MaterialColor.swift; sourceTree = "<group>"; };
		DADF6F20DBDE30C35753214A /* MaterialTypography.swift */ = {isa = PBXFileReference; lastKnownFileType = sourcecode.swift; path = MaterialTypography.swift; sourceTree = "<group>"; };
		2A3BA9ED6E03AA00A666CF32 /* MaterialComponents.swift */ = {isa = PBXFileReference; lastKnownFileType = sourcecode.swift; path = MaterialComponents.swift; sourceTree = "<group>"; };
		A2E15703747319DF448A40D0 /* MainTabView.swift */ = {isa = PBXFileReference; lastKnownFileType = sourcecode.swift; path = MainTabView.swift; sourceTree = "<group>"; };
		42FA718FA47A5FCD79A92144 /* DateParsing.swift */ = {isa = PBXFileReference; lastKnownFileType = sourcecode.swift; path = DateParsing.swift; sourceTree = "<group>"; };
		788FBAF1B23A6C7FC43CB4E8 /* RegisterView.swift */ = {isa = PBXFileReference; lastKnownFileType = sourcecode.swift; path = RegisterView.swift; sourceTree = "<group>"; };
		E9582D06AC182D9EC9E2AC4B /* RegisterViewModel.swift */ = {isa = PBXFileReference; lastKnownFileType = sourcecode.swift; path = RegisterViewModel.swift; sourceTree = "<group>"; };
		A1425ACFF0C78125FA73274B /* AssetsView.swift */ = {isa = PBXFileReference; lastKnownFileType = sourcecode.swift; path = AssetsView.swift; sourceTree = "<group>"; };
		BCDB8E18123C2A6B217F0FA1 /* AssetsViewModel.swift */ = {isa = PBXFileReference; lastKnownFileType = sourcecode.swift; path = AssetsViewModel.swift; sourceTree = "<group>"; };
		4FC389F31AB0AC6865476748 /* AssetDetailView.swift */ = {isa = PBXFileReference; lastKnownFileType = sourcecode.swift; path = AssetDetailView.swift; sourceTree = "<group>"; };
		F9D3634CE6F45A0BB6D6D6D9 /* AssetDetailViewModel.swift */ = {isa = PBXFileReference; lastKnownFileType = sourcecode.swift; path = AssetDetailViewModel.swift; sourceTree = "<group>"; };
		1500F974383083E759BBFB1D /* AccountView.swift */ = {isa = PBXFileReference; lastKnownFileType = sourcecode.swift; path = AccountView.swift; sourceTree = "<group>"; };
		A4F90917EEC7E4D0663D1377 /* AccountViewModel.swift */ = {isa = PBXFileReference; lastKnownFileType = sourcecode.swift; path = AccountViewModel.swift; sourceTree = "<group>"; };
		A1AFBFA9E09263C25402AD94 /* AdminView.swift */ = {isa = PBXFileReference; lastKnownFileType = sourcecode.swift; path = AdminView.swift; sourceTree = "<group>"; };
		05681D8AF2BBB9376C5CBD4A /* AdminViewModel.swift */ = {isa = PBXFileReference; lastKnownFileType = sourcecode.swift; path = AdminViewModel.swift; sourceTree = "<group>"; };
		5B6757800E05B33A63A29F36 /* AdminLogDetailView.swift */ = {isa = PBXFileReference; lastKnownFileType = sourcecode.swift; path = AdminLogDetailView.swift; sourceTree = "<group>"; };
		6AE88E014788AAAB31E6B775 /* PortfolioHistoryView.swift */ = {isa = PBXFileReference; lastKnownFileType = sourcecode.swift; path = PortfolioHistoryView.swift; sourceTree = "<group>"; };
		4761FFE463D421190549BE66 /* PortfolioHistoryViewModel.swift */ = {isa = PBXFileReference; lastKnownFileType = sourcecode.swift; path = PortfolioHistoryViewModel.swift; sourceTree = "<group>"; };
		0531F7AA8B02E08342C033CE /* APIModels.swift */ = {isa = PBXFileReference; lastKnownFileType = sourcecode.swift; path = APIModels.swift; sourceTree = "<group>"; };
		0F7437BECF53A20FB3613271 /* ConnectionSettingsView.swift */ = {isa = PBXFileReference; lastKnownFileType = sourcecode.swift; path = ConnectionSettingsView.swift; sourceTree = "<group>"; };
		10C28FB0967B8434FA49E147 /* PortfolioViewModel.swift */ = {isa = PBXFileReference; lastKnownFileType = sourcecode.swift; path = PortfolioViewModel.swift; sourceTree = "<group>"; };
		1909BD2DF3D3EC0F83F00533 /* LoginView.swift */ = {isa = PBXFileReference; lastKnownFileType = sourcecode.swift; path = LoginView.swift; sourceTree = "<group>"; };
		1F3611510B8DD6A730DE1409 /* Info.plist */ = {isa = PBXFileReference; lastKnownFileType = text.plist.xml; path = Info.plist; sourceTree = "<group>"; };
		204EA538ED60D1B242CB4CE7 /* AnyEncodable.swift */ = {isa = PBXFileReference; lastKnownFileType = sourcecode.swift; path = AnyEncodable.swift; sourceTree = "<group>"; };
		2EA50CF7348D65D7CBE11145 /* AppSettings.swift */ = {isa = PBXFileReference; lastKnownFileType = sourcecode.swift; path = AppSettings.swift; sourceTree = "<group>"; };
		4F202A67F7CB13984B969529 /* APIError.swift */ = {isa = PBXFileReference; lastKnownFileType = sourcecode.swift; path = APIError.swift; sourceTree = "<group>"; };
		5A5C10396C185E20A4CCC327 /* LoginViewModel.swift */ = {isa = PBXFileReference; lastKnownFileType = sourcecode.swift; path = LoginViewModel.swift; sourceTree = "<group>"; };
		7B63998F80565F6EDA02EB75 /* PortfolioTrackerApp.swift */ = {isa = PBXFileReference; lastKnownFileType = sourcecode.swift; path = PortfolioTrackerApp.swift; sourceTree = "<group>"; };
		A14A504D4261C75083E96DA5 /* APIClient.swift */ = {isa = PBXFileReference; lastKnownFileType = sourcecode.swift; path = APIClient.swift; sourceTree = "<group>"; };
		A71F4DD99A762F9931765B22 /* TokenStorage.swift */ = {isa = PBXFileReference; lastKnownFileType = sourcecode.swift; path = TokenStorage.swift; sourceTree = "<group>"; };
		AC78579DC71BB1E383705983 /* Assets.xcassets */ = {isa = PBXFileReference; lastKnownFileType = folder.assetcatalog; path = Assets.xcassets; sourceTree = "<group>"; };
		AF77C301C728F17004DF0D59 /* PortfolioView.swift */ = {isa = PBXFileReference; lastKnownFileType = sourcecode.swift; path = PortfolioView.swift; sourceTree = "<group>"; };
		BA10A124FFA3E002D0E4099A /* RootView.swift */ = {isa = PBXFileReference; lastKnownFileType = sourcecode.swift; path = RootView.swift; sourceTree = "<group>"; };
		CB89E2F58BECA8D7525E036B /* SessionStore.swift */ = {isa = PBXFileReference; lastKnownFileType = sourcecode.swift; path = SessionStore.swift; sourceTree = "<group>"; };
		EB1EA1CAC66644316631204C /* PortfolioTracker.app */ = {isa = PBXFileReference; explicitFileType = wrapper.application; includeInIndex = 0; path = PortfolioTracker.app; sourceTree = BUILT_PRODUCTS_DIR; };
/* End PBXFileReference section */

/* Begin PBXFrameworksBuildPhase section */
		D881B479373151C782ADB2DD /* Frameworks */ = {
			isa = PBXFrameworksBuildPhase;
			buildActionMask = 2147483647;
			files = (
			);
			runOnlyForDeploymentPostprocessing = 0;
		};
/* End PBXFrameworksBuildPhase section */

/* Begin PBXGroup section */
		066011CC0254149E5AAF77D0 /* Login */ = {
			isa = PBXGroup;
			children = (
				1909BD2DF3D3EC0F83F00533 /* LoginView.swift */,
				5A5C10396C185E20A4CCC327 /* LoginViewModel.swift */,
			);
			path = Login;
			sourceTree = "<group>";
		};
		1EAC80898F72380F5B4CD8AE /* Networking */ = {
			isa = PBXGroup;
			children = (
				A14A504D4261C75083E96DA5 /* APIClient.swift */,
				0531F7AA8B02E08342C033CE /* APIModels.swift */,
				4F202A67F7CB13984B969529 /* APIError.swift */,
				204EA538ED60D1B242CB4CE7 /* AnyEncodable.swift */,
				42FA718FA47A5FCD79A92144 /* DateParsing.swift */,
			);
			path = Networking;
			sourceTree = "<group>";
		};
		2ED6527F3A62AB1B7AC0355D /* Core */ = {
			isa = PBXGroup;
			children = (
				1EAC80898F72380F5B4CD8AE /* Networking */,
				5560A683E7C9CEEC02045BE1 /* Auth */,
				3BEB6CE51DA44AA55DACC1EE /* Settings */,
				36C4A71212D37A67B044CD7C /* Theme */,
			);
			path = Core;
			sourceTree = "<group>";
		};
		36C4A71212D37A67B044CD7C /* Theme */ = {
			isa = PBXGroup;
			children = (
				151982E0D61D129C634CC2BC /* MaterialColor.swift */,
				DADF6F20DBDE30C35753214A /* MaterialTypography.swift */,
				2A3BA9ED6E03AA00A666CF32 /* MaterialComponents.swift */,
			);
			path = Theme;
			sourceTree = "<group>";
		};
		320DEF95963A9F8D3204968D /* Products */ = {
			isa = PBXGroup;
			children = (
				EB1EA1CAC66644316631204C /* PortfolioTracker.app */,
			);
			name = Products;
			sourceTree = "<group>";
		};
		3BEB6CE51DA44AA55DACC1EE /* Settings */ = {
			isa = PBXGroup;
			children = (
				2EA50CF7348D65D7CBE11145 /* AppSettings.swift */,
			);
			path = Settings;
			sourceTree = "<group>";
		};
		5560A683E7C9CEEC02045BE1 /* Auth */ = {
			isa = PBXGroup;
			children = (
				A71F4DD99A762F9931765B22 /* TokenStorage.swift */,
				CB89E2F58BECA8D7525E036B /* SessionStore.swift */,
			);
			path = Auth;
			sourceTree = "<group>";
		};
		79E056A5D1CEBD9E66FF3C3F = {
			isa = PBXGroup;
			children = (
				C6EE71C3FFFD12EB24E0646C /* PortfolioTracker */,
				320DEF95963A9F8D3204968D /* Products */,
			);
			sourceTree = "<group>";
		};
		90BA97DA9878A555906C996D /* Connection */ = {
			isa = PBXGroup;
			children = (
				0F7437BECF53A20FB3613271 /* ConnectionSettingsView.swift */,
			);
			path = Connection;
			sourceTree = "<group>";
		};
		C6EE71C3FFFD12EB24E0646C /* PortfolioTracker */ = {
			isa = PBXGroup;
			children = (
				7B63998F80565F6EDA02EB75 /* PortfolioTrackerApp.swift */,
				BA10A124FFA3E002D0E4099A /* RootView.swift */,
				A2E15703747319DF448A40D0 /* MainTabView.swift */,
				2ED6527F3A62AB1B7AC0355D /* Core */,
				D40FDE23A2C73B5254437790 /* Features */,
				AC78579DC71BB1E383705983 /* Assets.xcassets */,
				1F3611510B8DD6A730DE1409 /* Info.plist */,
			);
			path = PortfolioTracker;
			sourceTree = "<group>";
		};
		D40FDE23A2C73B5254437790 /* Features */ = {
			isa = PBXGroup;
			children = (
				066011CC0254149E5AAF77D0 /* Login */,
				09E0A73F057CCDFB87776852 /* Register */,
				DE0C1C45028F2D29EF024F25 /* Portfolio */,
				60C8E7A5B3C8052E3A358CB3 /* PortfolioHistory */,
				68BD14209F3F5789EF83A5AF /* Assets */,
				7B790B02DB69AC085B9CFD7E /* Account */,
				9C16C13EB85D6F06E04F8D73 /* Admin */,
				90BA97DA9878A555906C996D /* Connection */,
			);
			path = Features;
			sourceTree = "<group>";
		};
		DE0C1C45028F2D29EF024F25 /* Portfolio */ = {
			isa = PBXGroup;
			children = (
				AF77C301C728F17004DF0D59 /* PortfolioView.swift */,
				10C28FB0967B8434FA49E147 /* PortfolioViewModel.swift */,
			);
			path = Portfolio;
			sourceTree = "<group>";
		};
		09E0A73F057CCDFB87776852 /* Register */ = {
			isa = PBXGroup;
			children = (
				788FBAF1B23A6C7FC43CB4E8 /* RegisterView.swift */,
				E9582D06AC182D9EC9E2AC4B /* RegisterViewModel.swift */,
			);
			path = Register;
			sourceTree = "<group>";
		};
		60C8E7A5B3C8052E3A358CB3 /* PortfolioHistory */ = {
			isa = PBXGroup;
			children = (
				6AE88E014788AAAB31E6B775 /* PortfolioHistoryView.swift */,
				4761FFE463D421190549BE66 /* PortfolioHistoryViewModel.swift */,
			);
			path = PortfolioHistory;
			sourceTree = "<group>";
		};
		68BD14209F3F5789EF83A5AF /* Assets */ = {
			isa = PBXGroup;
			children = (
				A1425ACFF0C78125FA73274B /* AssetsView.swift */,
				BCDB8E18123C2A6B217F0FA1 /* AssetsViewModel.swift */,
				4FC389F31AB0AC6865476748 /* AssetDetailView.swift */,
				F9D3634CE6F45A0BB6D6D6D9 /* AssetDetailViewModel.swift */,
			);
			path = Assets;
			sourceTree = "<group>";
		};
		7B790B02DB69AC085B9CFD7E /* Account */ = {
			isa = PBXGroup;
			children = (
				1500F974383083E759BBFB1D /* AccountView.swift */,
				A4F90917EEC7E4D0663D1377 /* AccountViewModel.swift */,
			);
			path = Account;
			sourceTree = "<group>";
		};
		9C16C13EB85D6F06E04F8D73 /* Admin */ = {
			isa = PBXGroup;
			children = (
				A1AFBFA9E09263C25402AD94 /* AdminView.swift */,
				05681D8AF2BBB9376C5CBD4A /* AdminViewModel.swift */,
				5B6757800E05B33A63A29F36 /* AdminLogDetailView.swift */,
			);
			path = Admin;
			sourceTree = "<group>";
		};
/* End PBXGroup section */

/* Begin PBXNativeTarget section */
		55EF46CC918621226876A01F /* PortfolioTracker */ = {
			isa = PBXNativeTarget;
			buildConfigurationList = D8586B215043FC46318807EF /* Build configuration list for PBXNativeTarget "PortfolioTracker" */;
			buildPhases = (
				FD53E24F3A5D8B618A0524EA /* Sources */,
				D881B479373151C782ADB2DD /* Frameworks */,
				C9C7D2DC9A965BCA5266DCBB /* Resources */,
			);
			buildRules = (
			);
			dependencies = (
			);
			name = PortfolioTracker;
			productName = PortfolioTracker;
			productReference = EB1EA1CAC66644316631204C /* PortfolioTracker.app */;
			productType = "com.apple.product-type.application";
		};
/* End PBXNativeTarget section */

/* Begin PBXProject section */
		8627A1E6DBD5B4C2666CAC30 /* Project object */ = {
			isa = PBXProject;
			attributes = {
				BuildIndependentTargetsInParallel = 1;
				LastSwiftUpdateCheck = 1620;
				LastUpgradeCheck = 1620;
				TargetAttributes = {
					55EF46CC918621226876A01F = {
						CreatedOnToolsVersion = 16.2;
					};
				};
			};
			buildConfigurationList = 4A89C01003EAB09593F4F6F6 /* Build configuration list for PBXProject "PortfolioTracker" */;
			compatibilityVersion = "Xcode 14.0";
			developmentRegion = en;
			hasScannedForEncodings = 0;
			knownRegions = (
				en,
				Base,
			);
			mainGroup = 79E056A5D1CEBD9E66FF3C3F;
			productRefGroup = 320DEF95963A9F8D3204968D /* Products */;
			projectDirPath = "";
			projectRoot = "";
			targets = (
				55EF46CC918621226876A01F /* PortfolioTracker */,
			);
		};
/* End PBXProject section */

/* Begin PBXResourcesBuildPhase section */
		C9C7D2DC9A965BCA5266DCBB /* Resources */ = {
			isa = PBXResourcesBuildPhase;
			buildActionMask = 2147483647;
			files = (
				0BCAC08022E766FA6BA91525 /* Assets.xcassets in Resources */,
			);
			runOnlyForDeploymentPostprocessing = 0;
		};
/* End PBXResourcesBuildPhase section */

/* Begin PBXSourcesBuildPhase section */
		FD53E24F3A5D8B618A0524EA /* Sources */ = {
			isa = PBXSourcesBuildPhase;
			buildActionMask = 2147483647;
			files = (
				BE6F232DAD065BA1DD9F2315 /* PortfolioTrackerApp.swift in Sources */,
				559331A2AA2BC6C14CA70D68 /* RootView.swift in Sources */,
				BF45CA2249656A198B5037D7 /* APIClient.swift in Sources */,
				E69C77EC074CEB804B7756BB /* APIModels.swift in Sources */,
				A171F0494FF99FA0EB97BA79 /* APIError.swift in Sources */,
				6536473CE8500302C12FBDFB /* AnyEncodable.swift in Sources */,
				AC2DE1DCB96CAF3736B86DA6 /* TokenStorage.swift in Sources */,
				38442105AC7D5A5B8F958088 /* SessionStore.swift in Sources */,
				4588E93A50FA9CEABC7AFCC2 /* AppSettings.swift in Sources */,
				C46F434B569DEE689A3867FA /* LoginView.swift in Sources */,
				8D24419AB48519E349E09928 /* LoginViewModel.swift in Sources */,
				7934168DCCC601F470C222CF /* PortfolioView.swift in Sources */,
				0E7EE43C4043EE8C42CA4E25 /* PortfolioViewModel.swift in Sources */,
				270E32ECF4E621CCA707BB87 /* ConnectionSettingsView.swift in Sources */,
				54D0D3DD09DF29DEA96EEFB7 /* MainTabView.swift in Sources */,
				EEC729FCA44B8C96CCA524D0 /* DateParsing.swift in Sources */,
				D16CEA5DC99D6DB1334B123A /* RegisterView.swift in Sources */,
				F32E74BE0DFA164E1E001DEC /* RegisterViewModel.swift in Sources */,
				050D9F3EBF1C697E72A917B3 /* AssetsView.swift in Sources */,
				E73574DCCE549B857571DB1B /* AssetsViewModel.swift in Sources */,
				5B2851EC5C1607BF36F98F5C /* AssetDetailView.swift in Sources */,
				FC2AB08E442445CD1920F847 /* AssetDetailViewModel.swift in Sources */,
				86177119737993049E073EBD /* AccountView.swift in Sources */,
				411A21C830AD2A59C849156E /* AccountViewModel.swift in Sources */,
				7142F9F813E777DEA5E4854A /* AdminView.swift in Sources */,
				F53F31E97B4EB2A3C156EC7E /* AdminViewModel.swift in Sources */,
				47DBB172C2A7C3D7231A25DB /* AdminLogDetailView.swift in Sources */,
				3AB8B0F9A18258C5997E23FE /* PortfolioHistoryView.swift in Sources */,
				2EE873E50446FC2E8B57816D /* PortfolioHistoryViewModel.swift in Sources */,
				E37AA363A223E4EBAA70A09E /* MaterialColor.swift in Sources */,
				69BBD3AE78AB49EA98DE110F /* MaterialTypography.swift in Sources */,
				03404AD426D11A626E7A858C /* MaterialComponents.swift in Sources */,
			);
			runOnlyForDeploymentPostprocessing = 0;
		};
/* End PBXSourcesBuildPhase section */

/* Begin XCBuildConfiguration section */
		6DAC80C12C007C139054D248 /* Debug */ = {
			isa = XCBuildConfiguration;
			buildSettings = {
				ALWAYS_SEARCH_USER_PATHS = NO;
				CLANG_ENABLE_MODULES = YES;
				CLANG_ENABLE_OBJC_ARC = YES;
				DEBUG_INFORMATION_FORMAT = dwarf;
				ENABLE_STRICT_OBJC_MSGSEND = YES;
				ENABLE_TESTABILITY = YES;
				GCC_C_LANGUAGE_STANDARD = gnu17;
				GCC_OPTIMIZATION_LEVEL = 0;
				GCC_PREPROCESSOR_DEFINITIONS = (
					"DEBUG=1",
					"$(inherited)",
				);
				IPHONEOS_DEPLOYMENT_TARGET = 17.0;
				MTL_ENABLE_DEBUG_INFO = INCLUDE_SOURCE;
				ONLY_ACTIVE_ARCH = YES;
				SDKROOT = iphoneos;
				SWIFT_ACTIVE_COMPILATION_CONDITIONS = DEBUG;
				SWIFT_OPTIMIZATION_LEVEL = "-Onone";
				SWIFT_VERSION = 5.0;
				VERSIONING_SYSTEM = "apple-generic";
			};
			name = Debug;
		};
		6EB51DD87118768A0098EA67 /* Debug */ = {
			isa = XCBuildConfiguration;
			buildSettings = {
				ASSETCATALOG_COMPILER_APPICON_NAME = AppIcon;
				ASSETCATALOG_COMPILER_GLOBAL_ACCENT_COLOR_NAME = AccentColor;
				CODE_SIGN_STYLE = Automatic;
				CURRENT_PROJECT_VERSION = 1;
				DEVELOPMENT_TEAM = JYHZVHHC2U;
				GENERATE_INFOPLIST_FILE = NO;
				INFOPLIST_FILE = PortfolioTracker/Info.plist;
				INFOPLIST_KEY_UILaunchScreen_Generation = NO;
				IPHONEOS_DEPLOYMENT_TARGET = 17.0;
				LD_RUNPATH_SEARCH_PATHS = (
					"$(inherited)",
					"@executable_path/Frameworks",
				);
				MARKETING_VERSION = 1.0;
				PRODUCT_BUNDLE_IDENTIFIER = io.github.spasarnaudov.portfoliotracker;
				PRODUCT_NAME = "$(TARGET_NAME)";
				SWIFT_EMIT_LOC_STRINGS = YES;
				SWIFT_VERSION = 5.0;
				TARGETED_DEVICE_FAMILY = "1,2";
			};
			name = Debug;
		};
		DD761CDFCA6D7D233F7038D4 /* Release */ = {
			isa = XCBuildConfiguration;
			buildSettings = {
				ASSETCATALOG_COMPILER_APPICON_NAME = AppIcon;
				ASSETCATALOG_COMPILER_GLOBAL_ACCENT_COLOR_NAME = AccentColor;
				CODE_SIGN_STYLE = Automatic;
				CURRENT_PROJECT_VERSION = 1;
				DEVELOPMENT_TEAM = JYHZVHHC2U;
				GENERATE_INFOPLIST_FILE = NO;
				INFOPLIST_FILE = PortfolioTracker/Info.plist;
				INFOPLIST_KEY_UILaunchScreen_Generation = NO;
				IPHONEOS_DEPLOYMENT_TARGET = 17.0;
				LD_RUNPATH_SEARCH_PATHS = (
					"$(inherited)",
					"@executable_path/Frameworks",
				);
				MARKETING_VERSION = 1.0;
				PRODUCT_BUNDLE_IDENTIFIER = io.github.spasarnaudov.portfoliotracker;
				PRODUCT_NAME = "$(TARGET_NAME)";
				SWIFT_EMIT_LOC_STRINGS = YES;
				SWIFT_VERSION = 5.0;
				TARGETED_DEVICE_FAMILY = "1,2";
			};
			name = Release;
		};
		EB96BD53BA4F77C8E814D0E1 /* Release */ = {
			isa = XCBuildConfiguration;
			buildSettings = {
				ALWAYS_SEARCH_USER_PATHS = NO;
				CLANG_ENABLE_MODULES = YES;
				CLANG_ENABLE_OBJC_ARC = YES;
				DEBUG_INFORMATION_FORMAT = "dwarf-with-dsym";
				ENABLE_STRICT_OBJC_MSGSEND = YES;
				GCC_C_LANGUAGE_STANDARD = gnu17;
				IPHONEOS_DEPLOYMENT_TARGET = 17.0;
				MTL_ENABLE_DEBUG_INFO = NO;
				SDKROOT = iphoneos;
				SWIFT_COMPILATION_MODE = wholemodule;
				SWIFT_VERSION = 5.0;
				VALIDATE_PRODUCT = YES;
				VERSIONING_SYSTEM = "apple-generic";
			};
			name = Release;
		};
/* End XCBuildConfiguration section */

/* Begin XCConfigurationList section */
		4A89C01003EAB09593F4F6F6 /* Build configuration list for PBXProject "PortfolioTracker" */ = {
			isa = XCConfigurationList;
			buildConfigurations = (
				6DAC80C12C007C139054D248 /* Debug */,
				EB96BD53BA4F77C8E814D0E1 /* Release */,
			);
			defaultConfigurationIsVisible = 0;
			defaultConfigurationName = Release;
		};
		D8586B215043FC46318807EF /* Build configuration list for PBXNativeTarget "PortfolioTracker" */ = {
			isa = XCConfigurationList;
			buildConfigurations = (
				6EB51DD87118768A0098EA67 /* Debug */,
				DD761CDFCA6D7D233F7038D4 /* Release */,
			);
			defaultConfigurationIsVisible = 0;
			defaultConfigurationName = Release;
		};
/* End XCConfigurationList section */
	};
	rootObject = 8627A1E6DBD5B4C2666CAC30 /* Project object */;
}
